// !$*UTF8*$!
{
	archiveVersion = 1;
	classes = {
	};
	objectVersion = 56;
	objects = {

/* Begin PBXBuildFile section */
		6A43DF319F0C33281767797D /* Pods_Tracker.framework in Frameworks */ = {isa = PBXBuildFile; fileRef = FF6CA2A3DF27EA10464A2941 /* Pods_Tracker.framework */; };
		CA154FEC2AB9180200FB8C61 /* Localizable.stringsdict in Resources */ = {isa = PBXBuildFile; fileRef = CA154FEE2AB9180200FB8C61 /* Localizable.stringsdict */; };
		CA154FEF2AB9183500FB8C61 /* Localizable.strings in Resources */ = {isa = PBXBuildFile; fileRef = CA154FF12AB9183500FB8C61 /* Localizable.strings */; };
		CA278A7F2AC76BEA001CB0D0 /* TrackerCoreData+CoreDataProperties.swift in Sources */ = {isa = PBXBuildFile; fileRef = CA278A792AC76BEA001CB0D0 /* TrackerCoreData+CoreDataProperties.swift */; };
		CA278A802AC76BEA001CB0D0 /* TrackerRecordCoreData+CoreDataProperties.swift in Sources */ = {isa = PBXBuildFile; fileRef = CA278A7A2AC76BEA001CB0D0 /* TrackerRecordCoreData+CoreDataProperties.swift */; };
		CA278A812AC76BEA001CB0D0 /* TrackerCategoryCoreData+CoreDataClass.swift in Sources */ = {isa = PBXBuildFile; fileRef = CA278A7B2AC76BEA001CB0D0 /* TrackerCategoryCoreData+CoreDataClass.swift */; };
		CA278A822AC76BEA001CB0D0 /* TrackerRecordCoreData+CoreDataClass.swift in Sources */ = {isa = PBXBuildFile; fileRef = CA278A7C2AC76BEA001CB0D0 /* TrackerRecordCoreData+CoreDataClass.swift */; };
		CA278A832AC76BEA001CB0D0 /* TrackerCategoryCoreData+CoreDataProperties.swift in Sources */ = {isa = PBXBuildFile; fileRef = CA278A7D2AC76BEA001CB0D0 /* TrackerCategoryCoreData+CoreDataProperties.swift */; };
		CA278A842AC76BEA001CB0D0 /* TrackerCoreData+CoreDataClass.swift in Sources */ = {isa = PBXBuildFile; fileRef = CA278A7E2AC76BEA001CB0D0 /* TrackerCoreData+CoreDataClass.swift */; };
		CA278A882AC76CBF001CB0D0 /* TrackerStore.swift in Sources */ = {isa = PBXBuildFile; fileRef = CA278A852AC76CBF001CB0D0 /* TrackerStore.swift */; };
		CA278A892AC76CBF001CB0D0 /* TrackerCategoryStore.swift in Sources */ = {isa = PBXBuildFile; fileRef = CA278A862AC76CBF001CB0D0 /* TrackerCategoryStore.swift */; };
		CA278A8A2AC76CBF001CB0D0 /* TrackerRecordStore.swift in Sources */ = {isa = PBXBuildFile; fileRef = CA278A872AC76CBF001CB0D0 /* TrackerRecordStore.swift */; };
		CA278A932ACE1BF7001CB0D0 /* FiltersViewController.swift in Sources */ = {isa = PBXBuildFile; fileRef = CA278A912ACE1BF7001CB0D0 /* FiltersViewController.swift */; };
		CA278A942ACE1BF7001CB0D0 /* FiltersPresenter.swift in Sources */ = {isa = PBXBuildFile; fileRef = CA278A922ACE1BF7001CB0D0 /* FiltersPresenter.swift */; };
		CA3A019A2ABCEEA4001C09B8 /* String+Extension.swift in Sources */ = {isa = PBXBuildFile; fileRef = CA3A01992ABCEEA4001C09B8 /* String+Extension.swift */; };
		CA3A019C2ABD0FF6001C09B8 /* Int+Extension.swift in Sources */ = {isa = PBXBuildFile; fileRef = CA3A019B2ABD0FF6001C09B8 /* Int+Extension.swift */; };
		CA54B2AB2A69DE3D000E849B /* CollectionCell.swift in Sources */ = {isa = PBXBuildFile; fileRef = CA54B2AA2A69DE3D000E849B /* CollectionCell.swift */; };
		CA54B2AD2A69EA12000E849B /* EmojisCollectionViewCell.swift in Sources */ = {isa = PBXBuildFile; fileRef = CA54B2AC2A69EA12000E849B /* EmojisCollectionViewCell.swift */; };
		CA54B2AF2A6C9543000E849B /* ColorsCollectionViewCell.swift in Sources */ = {isa = PBXBuildFile; fileRef = CA54B2AE2A6C9543000E849B /* ColorsCollectionViewCell.swift */; };
		CA54B2B42A6D407D000E849B /* ResizableCollectionView.swift in Sources */ = {isa = PBXBuildFile; fileRef = CA54B2B32A6D407D000E849B /* ResizableCollectionView.swift */; };
		CA54B2F12A754F15000E849B /* Model.xcdatamodeld in Sources */ = {isa = PBXBuildFile; fileRef = CA54B2EF2A754F15000E849B /* Model.xcdatamodeld */; };
		CA54B2F62A78769F000E849B /* СolorMarshalling.swift in Sources */ = {isa = PBXBuildFile; fileRef = CA54B2F52A78769F000E849B /* СolorMarshalling.swift */; };
		CA54B2FE2A7F262A000E849B /* ScheduleFormatter.swift in Sources */ = {isa = PBXBuildFile; fileRef = CA54B2FD2A7F262A000E849B /* ScheduleFormatter.swift */; };
		CA5C51AB2A698DFA0078C7E8 /* TrackerCellViewModel.swift in Sources */ = {isa = PBXBuildFile; fileRef = CA5C51AA2A698DFA0078C7E8 /* TrackerCellViewModel.swift */; };
		CA6B256D2A5C547F00388BBF /* UIViewController+Extension.swift in Sources */ = {isa = PBXBuildFile; fileRef = CA6B256C2A5C547F00388BBF /* UIViewController+Extension.swift */; };
		CA6B256F2A5C76CC00388BBF /* TrackersPresenter.swift in Sources */ = {isa = PBXBuildFile; fileRef = CA6B256E2A5C76CC00388BBF /* TrackersPresenter.swift */; };
		CA6B25712A5C806500388BBF /* NewTrackerPresenter.swift in Sources */ = {isa = PBXBuildFile; fileRef = CA6B25702A5C806500388BBF /* NewTrackerPresenter.swift */; };
		CA6B25732A5C9DD900388BBF /* TrackerTypePresenter.swift in Sources */ = {isa = PBXBuildFile; fileRef = CA6B25722A5C9DD900388BBF /* TrackerTypePresenter.swift */; };
		CA6B25752A5C9FCD00388BBF /* TrackerType.swift in Sources */ = {isa = PBXBuildFile; fileRef = CA6B25742A5C9FCD00388BBF /* TrackerType.swift */; };
		CA6B25792A5DF63E00388BBF /* TrackerService.swift in Sources */ = {isa = PBXBuildFile; fileRef = CA6B25782A5DF63E00388BBF /* TrackerService.swift */; };
		CA6C91282A632B1600A4AE6D /* SupplementaryView.swift in Sources */ = {isa = PBXBuildFile; fileRef = CA6C91272A632B1600A4AE6D /* SupplementaryView.swift */; };
		CA6C912A2A633B6200A4AE6D /* TimetablePresenter.swift in Sources */ = {isa = PBXBuildFile; fileRef = CA6C91292A633B6200A4AE6D /* TimetablePresenter.swift */; };
		CA6C912C2A6353B400A4AE6D /* FormatterDays.swift in Sources */ = {isa = PBXBuildFile; fileRef = CA6C912B2A6353B400A4AE6D /* FormatterDays.swift */; };
		CA96CA1B2AC06705007BC31E /* AlertPresenter.swift in Sources */ = {isa = PBXBuildFile; fileRef = CA96CA1A2AC06705007BC31E /* AlertPresenter.swift */; };
		CA96CA1D2AC067AE007BC31E /* AlertModel.swift in Sources */ = {isa = PBXBuildFile; fileRef = CA96CA1C2AC067AE007BC31E /* AlertModel.swift */; };
		CA96CA1F2AC2530E007BC31E /* DaysCounterCell.swift in Sources */ = {isa = PBXBuildFile; fileRef = CA96CA1E2AC2530E007BC31E /* DaysCounterCell.swift */; };
		CA9838332A96E9130070B263 /* OnboardingViewController.swift in Sources */ = {isa = PBXBuildFile; fileRef = CA9838322A96E9130070B263 /* OnboardingViewController.swift */; };
		CA9838582A9823170070B263 /* OnboardingPage.swift in Sources */ = {isa = PBXBuildFile; fileRef = CA9838572A9823170070B263 /* OnboardingPage.swift */; };
		CA98385C2A9BD05B0070B263 /* CategoriesViewController.swift in Sources */ = {isa = PBXBuildFile; fileRef = CA98385B2A9BD05B0070B263 /* CategoriesViewController.swift */; };
		CAA8CC4D2A3CCB4800AE4AD3 /* UIColor+Extension.swift in Sources */ = {isa = PBXBuildFile; fileRef = CAA8CC4C2A3CCB4800AE4AD3 /* UIColor+Extension.swift */; };
		CAA8CC532A3CD28300AE4AD3 /* TabBarController.swift in Sources */ = {isa = PBXBuildFile; fileRef = CAA8CC522A3CD28300AE4AD3 /* TabBarController.swift */; };
		CAA8CC562A3D38AF00AE4AD3 /* TrackerTypeViewController.swift in Sources */ = {isa = PBXBuildFile; fileRef = CAA8CC552A3D38AF00AE4AD3 /* TrackerTypeViewController.swift */; };
		CAA8CC592A3D3A4F00AE4AD3 /* StatisticsViewController.swift in Sources */ = {isa = PBXBuildFile; fileRef = CAA8CC582A3D3A4F00AE4AD3 /* StatisticsViewController.swift */; };
		CAAA31702AA9DB2E00ABF38F /* NewCategoryViewModel.swift in Sources */ = {isa = PBXBuildFile; fileRef = CAAA316F2AA9DB2E00ABF38F /* NewCategoryViewModel.swift */; };
		CAAB0CCB2A4F9B9D00EBC766 /* TimetableViewController.swift in Sources */ = {isa = PBXBuildFile; fileRef = CAAB0CCA2A4F9B9D00EBC766 /* TimetableViewController.swift */; };
		CAAB0CD22A547B3200EBC766 /* TextFieldCell.swift in Sources */ = {isa = PBXBuildFile; fileRef = CAAB0CD12A547B3200EBC766 /* TextFieldCell.swift */; };
		CAAB0CD42A54953F00EBC766 /* TableViewCell.swift in Sources */ = {isa = PBXBuildFile; fileRef = CAAB0CD32A54953F00EBC766 /* TableViewCell.swift */; };
		CABC085A2A47428C008CC2E4 /* TrackerCollectionViewCell.swift in Sources */ = {isa = PBXBuildFile; fileRef = CABC08592A47428C008CC2E4 /* TrackerCollectionViewCell.swift */; };
		CABC085D2A4C53EC008CC2E4 /* NewTrackerViewController.swift in Sources */ = {isa = PBXBuildFile; fileRef = CABC085C2A4C53EC008CC2E4 /* NewTrackerViewController.swift */; };
		CABC08622A4C74BD008CC2E4 /* TrackerModel.swift in Sources */ = {isa = PBXBuildFile; fileRef = CABC08612A4C74BD008CC2E4 /* TrackerModel.swift */; };
		CABC08642A4C7D2F008CC2E4 /* TrackerCategoryModel.swift in Sources */ = {isa = PBXBuildFile; fileRef = CABC08632A4C7D2F008CC2E4 /* TrackerCategoryModel.swift */; };
		CABC08662A4C7DE6008CC2E4 /* TrackerRecordModel.swift in Sources */ = {isa = PBXBuildFile; fileRef = CABC08652A4C7DE6008CC2E4 /* TrackerRecordModel.swift */; };
		CAC6C7BA2A1F1AE700E9ACC3 /* AppDelegate.swift in Sources */ = {isa = PBXBuildFile; fileRef = CAC6C7B92A1F1AE700E9ACC3 /* AppDelegate.swift */; };
		CAC6C7BC2A1F1AE700E9ACC3 /* SceneDelegate.swift in Sources */ = {isa = PBXBuildFile; fileRef = CAC6C7BB2A1F1AE700E9ACC3 /* SceneDelegate.swift */; };
		CAC6C7BE2A1F1AE700E9ACC3 /* TrackersViewController.swift in Sources */ = {isa = PBXBuildFile; fileRef = CAC6C7BD2A1F1AE700E9ACC3 /* TrackersViewController.swift */; };
		CAC6C7C32A1F1AE900E9ACC3 /* Assets.xcassets in Resources */ = {isa = PBXBuildFile; fileRef = CAC6C7C22A1F1AE900E9ACC3 /* Assets.xcassets */; };
		CADB92492AA4E32D00CC6294 /* CategoriesViewModel.swift in Sources */ = {isa = PBXBuildFile; fileRef = CADB92482AA4E32D00CC6294 /* CategoriesViewModel.swift */; };
		CADB924B2AA5CAD500CC6294 /* ObservablePropertyWrapper.swift in Sources */ = {isa = PBXBuildFile; fileRef = CADB924A2AA5CAD500CC6294 /* ObservablePropertyWrapper.swift */; };
		CADB924F2AA7B19700CC6294 /* NewCategoryViewController.swift in Sources */ = {isa = PBXBuildFile; fileRef = CADB924E2AA7B19700CC6294 /* NewCategoryViewController.swift */; };
		CAFEEA072AC41F67001754A5 /* AnalyticsService.swift in Sources */ = {isa = PBXBuildFile; fileRef = CAFEEA062AC41F67001754A5 /* AnalyticsService.swift */; };
		CAFEEA502AC50A69001754A5 /* TrackerTests.swift in Sources */ = {isa = PBXBuildFile; fileRef = CAFEEA4F2AC50A69001754A5 /* TrackerTests.swift */; };
		CAFEEA582AC50A92001754A5 /* InlineSnapshotTesting in Frameworks */ = {isa = PBXBuildFile; productRef = CAFEEA572AC50A92001754A5 /* InlineSnapshotTesting */; };
		CAFEEA5A2AC50A92001754A5 /* SnapshotTesting in Frameworks */ = {isa = PBXBuildFile; productRef = CAFEEA592AC50A92001754A5 /* SnapshotTesting */; };
		CAFEEA5E2AC51081001754A5 /* StatisticsPresenter.swift in Sources */ = {isa = PBXBuildFile; fileRef = CAFEEA5D2AC51081001754A5 /* StatisticsPresenter.swift */; };
		CAFEEA602AC51152001754A5 /* StatisticsCell.swift in Sources */ = {isa = PBXBuildFile; fileRef = CAFEEA5F2AC51152001754A5 /* StatisticsCell.swift */; };
/* End PBXBuildFile section */

/* Begin PBXContainerItemProxy section */
		CAFEEA512AC50A69001754A5 /* PBXContainerItemProxy */ = {
			isa = PBXContainerItemProxy;
			containerPortal = CAC6C7AE2A1F1AE700E9ACC3 /* Project object */;
			proxyType = 1;
			remoteGlobalIDString = CAC6C7B52A1F1AE700E9ACC3;
			remoteInfo = Tracker;
		};
/* End PBXContainerItemProxy section */

/* Begin PBXFileReference section */
		1DAD3F3A4931EE3A7CD1D750 /* Pods-Tracker.debug.xcconfig */ = {isa = PBXFileReference; includeInIndex = 1; lastKnownFileType = text.xcconfig; name = "Pods-Tracker.debug.xcconfig"; path = "Target Support Files/Pods-Tracker/Pods-Tracker.debug.xcconfig"; sourceTree = "<group>"; };
		CA154FF32AB9195400FB8C61 /* ru */ = {isa = PBXFileReference; lastKnownFileType = text.plist.strings; name = ru; path = ru.lproj/Localizable.strings; sourceTree = "<group>"; };
		CA154FF42AB9195400FB8C61 /* ru */ = {isa = PBXFileReference; lastKnownFileType = text.plist.stringsdict; name = ru; path = ru.lproj/Localizable.stringsdict; sourceTree = "<group>"; };
		CA278A792AC76BEA001CB0D0 /* TrackerCoreData+CoreDataProperties.swift */ = {isa = PBXFileReference; fileEncoding = 4; lastKnownFileType = sourcecode.swift; path = "TrackerCoreData+CoreDataProperties.swift"; sourceTree = "<group>"; };
		CA278A7A2AC76BEA001CB0D0 /* TrackerRecordCoreData+CoreDataProperties.swift */ = {isa = PBXFileReference; fileEncoding = 4; lastKnownFileType = sourcecode.swift; path = "TrackerRecordCoreData+CoreDataProperties.swift"; sourceTree = "<group>"; };
		CA278A7B2AC76BEA001CB0D0 /* TrackerCategoryCoreData+CoreDataClass.swift */ = {isa = PBXFileReference; fileEncoding = 4; lastKnownFileType = sourcecode.swift; path = "TrackerCategoryCoreData+CoreDataClass.swift"; sourceTree = "<group>"; };
		CA278A7C2AC76BEA001CB0D0 /* TrackerRecordCoreData+CoreDataClass.swift */ = {isa = PBXFileReference; fileEncoding = 4; lastKnownFileType = sourcecode.swift; path = "TrackerRecordCoreData+CoreDataClass.swift"; sourceTree = "<group>"; };
		CA278A7D2AC76BEA001CB0D0 /* TrackerCategoryCoreData+CoreDataProperties.swift */ = {isa = PBXFileReference; fileEncoding = 4; lastKnownFileType = sourcecode.swift; path = "TrackerCategoryCoreData+CoreDataProperties.swift"; sourceTree = "<group>"; };
		CA278A7E2AC76BEA001CB0D0 /* TrackerCoreData+CoreDataClass.swift */ = {isa = PBXFileReference; fileEncoding = 4; lastKnownFileType = sourcecode.swift; path = "TrackerCoreData+CoreDataClass.swift"; sourceTree = "<group>"; };
		CA278A852AC76CBF001CB0D0 /* TrackerStore.swift */ = {isa = PBXFileReference; fileEncoding = 4; lastKnownFileType = sourcecode.swift; path = TrackerStore.swift; sourceTree = "<group>"; };
		CA278A862AC76CBF001CB0D0 /* TrackerCategoryStore.swift */ = {isa = PBXFileReference; fileEncoding = 4; lastKnownFileType = sourcecode.swift; path = TrackerCategoryStore.swift; sourceTree = "<group>"; };
		CA278A872AC76CBF001CB0D0 /* TrackerRecordStore.swift */ = {isa = PBXFileReference; fileEncoding = 4; lastKnownFileType = sourcecode.swift; path = TrackerRecordStore.swift; sourceTree = "<group>"; };
		CA278A912ACE1BF7001CB0D0 /* FiltersViewController.swift */ = {isa = PBXFileReference; fileEncoding = 4; lastKnownFileType = sourcecode.swift; path = FiltersViewController.swift; sourceTree = "<group>"; };
		CA278A922ACE1BF7001CB0D0 /* FiltersPresenter.swift */ = {isa = PBXFileReference; fileEncoding = 4; lastKnownFileType = sourcecode.swift; path = FiltersPresenter.swift; sourceTree = "<group>"; };
		CA3A01992ABCEEA4001C09B8 /* String+Extension.swift */ = {isa = PBXFileReference; lastKnownFileType = sourcecode.swift; path = "String+Extension.swift"; sourceTree = "<group>"; };
		CA3A019B2ABD0FF6001C09B8 /* Int+Extension.swift */ = {isa = PBXFileReference; lastKnownFileType = sourcecode.swift; path = "Int+Extension.swift"; sourceTree = "<group>"; };
		CA3A019D2ABE6CC6001C09B8 /* en */ = {isa = PBXFileReference; lastKnownFileType = text.plist.strings; name = en; path = en.lproj/Localizable.strings; sourceTree = "<group>"; };
		CA3A019E2ABE6CC6001C09B8 /* en */ = {isa = PBXFileReference; lastKnownFileType = text.plist.stringsdict; name = en; path = en.lproj/Localizable.stringsdict; sourceTree = "<group>"; };
		CA54B2AA2A69DE3D000E849B /* CollectionCell.swift */ = {isa = PBXFileReference; lastKnownFileType = sourcecode.swift; path = CollectionCell.swift; sourceTree = "<group>"; };
		CA54B2AC2A69EA12000E849B /* EmojisCollectionViewCell.swift */ = {isa = PBXFileReference; lastKnownFileType = sourcecode.swift; path = EmojisCollectionViewCell.swift; sourceTree = "<group>"; };
		CA54B2AE2A6C9543000E849B /* ColorsCollectionViewCell.swift */ = {isa = PBXFileReference; lastKnownFileType = sourcecode.swift; path = ColorsCollectionViewCell.swift; sourceTree = "<group>"; };
		CA54B2B32A6D407D000E849B /* ResizableCollectionView.swift */ = {isa = PBXFileReference; lastKnownFileType = sourcecode.swift; path = ResizableCollectionView.swift; sourceTree = "<group>"; };
		CA54B2F02A754F15000E849B /* Model.xcdatamodel */ = {isa = PBXFileReference; lastKnownFileType = wrapper.xcdatamodel; path = Model.xcdatamodel; sourceTree = "<group>"; };
		CA54B2F52A78769F000E849B /* СolorMarshalling.swift */ = {isa = PBXFileReference; lastKnownFileType = sourcecode.swift; path = "СolorMarshalling.swift"; sourceTree = "<group>"; };
		CA54B2FD2A7F262A000E849B /* ScheduleFormatter.swift */ = {isa = PBXFileReference; lastKnownFileType = sourcecode.swift; path = ScheduleFormatter.swift; sourceTree = "<group>"; };
		CA5C51AA2A698DFA0078C7E8 /* TrackerCellViewModel.swift */ = {isa = PBXFileReference; lastKnownFileType = sourcecode.swift; path = TrackerCellViewModel.swift; sourceTree = "<group>"; };
		CA6B210CC4F44D1449008DFF /* Pods-Tracker.release.xcconfig */ = {isa = PBXFileReference; includeInIndex = 1; lastKnownFileType = text.xcconfig; name = "Pods-Tracker.release.xcconfig"; path = "Target Support Files/Pods-Tracker/Pods-Tracker.release.xcconfig"; sourceTree = "<group>"; };
		CA6B256C2A5C547F00388BBF /* UIViewController+Extension.swift */ = {isa = PBXFileReference; lastKnownFileType = sourcecode.swift; path = "UIViewController+Extension.swift"; sourceTree = "<group>"; };
		CA6B256E2A5C76CC00388BBF /* TrackersPresenter.swift */ = {isa = PBXFileReference; lastKnownFileType = sourcecode.swift; path = TrackersPresenter.swift; sourceTree = "<group>"; };
		CA6B25702A5C806500388BBF /* NewTrackerPresenter.swift */ = {isa = PBXFileReference; lastKnownFileType = sourcecode.swift; path = NewTrackerPresenter.swift; sourceTree = "<group>"; };
		CA6B25722A5C9DD900388BBF /* TrackerTypePresenter.swift */ = {isa = PBXFileReference; lastKnownFileType = sourcecode.swift; path = TrackerTypePresenter.swift; sourceTree = "<group>"; };
		CA6B25742A5C9FCD00388BBF /* TrackerType.swift */ = {isa = PBXFileReference; lastKnownFileType = sourcecode.swift; path = TrackerType.swift; sourceTree = "<group>"; };
		CA6B25782A5DF63E00388BBF /* TrackerService.swift */ = {isa = PBXFileReference; lastKnownFileType = sourcecode.swift; path = TrackerService.swift; sourceTree = "<group>"; };
		CA6C91272A632B1600A4AE6D /* SupplementaryView.swift */ = {isa = PBXFileReference; lastKnownFileType = sourcecode.swift; path = SupplementaryView.swift; sourceTree = "<group>"; };
		CA6C91292A633B6200A4AE6D /* TimetablePresenter.swift */ = {isa = PBXFileReference; lastKnownFileType = sourcecode.swift; path = TimetablePresenter.swift; sourceTree = "<group>"; };
		CA6C912B2A6353B400A4AE6D /* FormatterDays.swift */ = {isa = PBXFileReference; lastKnownFileType = sourcecode.swift; path = FormatterDays.swift; sourceTree = "<group>"; };
		CA96CA1A2AC06705007BC31E /* AlertPresenter.swift */ = {isa = PBXFileReference; lastKnownFileType = sourcecode.swift; path = AlertPresenter.swift; sourceTree = "<group>"; };
		CA96CA1C2AC067AE007BC31E /* AlertModel.swift */ = {isa = PBXFileReference; lastKnownFileType = sourcecode.swift; path = AlertModel.swift; sourceTree = "<group>"; };
		CA96CA1E2AC2530E007BC31E /* DaysCounterCell.swift */ = {isa = PBXFileReference; lastKnownFileType = sourcecode.swift; path = DaysCounterCell.swift; sourceTree = "<group>"; };
		CA9838322A96E9130070B263 /* OnboardingViewController.swift */ = {isa = PBXFileReference; lastKnownFileType = sourcecode.swift; path = OnboardingViewController.swift; sourceTree = "<group>"; };
		CA9838572A9823170070B263 /* OnboardingPage.swift */ = {isa = PBXFileReference; lastKnownFileType = sourcecode.swift; path = OnboardingPage.swift; sourceTree = "<group>"; };
		CA98385B2A9BD05B0070B263 /* CategoriesViewController.swift */ = {isa = PBXFileReference; lastKnownFileType = sourcecode.swift; path = CategoriesViewController.swift; sourceTree = "<group>"; };
		CAA8CC4C2A3CCB4800AE4AD3 /* UIColor+Extension.swift */ = {isa = PBXFileReference; lastKnownFileType = sourcecode.swift; path = "UIColor+Extension.swift"; sourceTree = "<group>"; };
		CAA8CC522A3CD28300AE4AD3 /* TabBarController.swift */ = {isa = PBXFileReference; lastKnownFileType = sourcecode.swift; path = TabBarController.swift; sourceTree = "<group>"; };
		CAA8CC552A3D38AF00AE4AD3 /* TrackerTypeViewController.swift */ = {isa = PBXFileReference; lastKnownFileType = sourcecode.swift; path = TrackerTypeViewController.swift; sourceTree = "<group>"; };
		CAA8CC582A3D3A4F00AE4AD3 /* StatisticsViewController.swift */ = {isa = PBXFileReference; lastKnownFileType = sourcecode.swift; path = StatisticsViewController.swift; sourceTree = "<group>"; };
		CAAA316F2AA9DB2E00ABF38F /* NewCategoryViewModel.swift */ = {isa = PBXFileReference; lastKnownFileType = sourcecode.swift; path = NewCategoryViewModel.swift; sourceTree = "<group>"; };
		CAAB0CCA2A4F9B9D00EBC766 /* TimetableViewController.swift */ = {isa = PBXFileReference; lastKnownFileType = sourcecode.swift; path = TimetableViewController.swift; sourceTree = "<group>"; };
		CAAB0CD12A547B3200EBC766 /* TextFieldCell.swift */ = {isa = PBXFileReference; lastKnownFileType = sourcecode.swift; path = TextFieldCell.swift; sourceTree = "<group>"; };
		CAAB0CD32A54953F00EBC766 /* TableViewCell.swift */ = {isa = PBXFileReference; lastKnownFileType = sourcecode.swift; path = TableViewCell.swift; sourceTree = "<group>"; };
		CABC08592A47428C008CC2E4 /* TrackerCollectionViewCell.swift */ = {isa = PBXFileReference; lastKnownFileType = sourcecode.swift; path = TrackerCollectionViewCell.swift; sourceTree = "<group>"; };
		CABC085C2A4C53EC008CC2E4 /* NewTrackerViewController.swift */ = {isa = PBXFileReference; lastKnownFileType = sourcecode.swift; path = NewTrackerViewController.swift; sourceTree = "<group>"; };
		CABC08612A4C74BD008CC2E4 /* TrackerModel.swift */ = {isa = PBXFileReference; lastKnownFileType = sourcecode.swift; path = TrackerModel.swift; sourceTree = "<group>"; };
		CABC08632A4C7D2F008CC2E4 /* TrackerCategoryModel.swift */ = {isa = PBXFileReference; lastKnownFileType = sourcecode.swift; path = TrackerCategoryModel.swift; sourceTree = "<group>"; };
		CABC08652A4C7DE6008CC2E4 /* TrackerRecordModel.swift */ = {isa = PBXFileReference; lastKnownFileType = sourcecode.swift; path = TrackerRecordModel.swift; sourceTree = "<group>"; };
		CAC6C7B62A1F1AE700E9ACC3 /* Tracker.app */ = {isa = PBXFileReference; explicitFileType = wrapper.application; includeInIndex = 0; path = Tracker.app; sourceTree = BUILT_PRODUCTS_DIR; };
		CAC6C7B92A1F1AE700E9ACC3 /* AppDelegate.swift */ = {isa = PBXFileReference; lastKnownFileType = sourcecode.swift; path = AppDelegate.swift; sourceTree = "<group>"; };
		CAC6C7BB2A1F1AE700E9ACC3 /* SceneDelegate.swift */ = {isa = PBXFileReference; lastKnownFileType = sourcecode.swift; path = SceneDelegate.swift; sourceTree = "<group>"; };
		CAC6C7BD2A1F1AE700E9ACC3 /* TrackersViewController.swift */ = {isa = PBXFileReference; lastKnownFileType = sourcecode.swift; path = TrackersViewController.swift; sourceTree = "<group>"; };
		CAC6C7C22A1F1AE900E9ACC3 /* Assets.xcassets */ = {isa = PBXFileReference; lastKnownFileType = folder.assetcatalog; path = Assets.xcassets; sourceTree = "<group>"; };
		CAC6C7C72A1F1AE900E9ACC3 /* Info.plist */ = {isa = PBXFileReference; lastKnownFileType = text.plist.xml; path = Info.plist; sourceTree = "<group>"; };
		CADB92482AA4E32D00CC6294 /* CategoriesViewModel.swift */ = {isa = PBXFileReference; lastKnownFileType = sourcecode.swift; path = CategoriesViewModel.swift; sourceTree = "<group>"; };
		CADB924A2AA5CAD500CC6294 /* ObservablePropertyWrapper.swift */ = {isa = PBXFileReference; lastKnownFileType = sourcecode.swift; path = ObservablePropertyWrapper.swift; sourceTree = "<group>"; };
		CADB924E2AA7B19700CC6294 /* NewCategoryViewController.swift */ = {isa = PBXFileReference; lastKnownFileType = sourcecode.swift; path = NewCategoryViewController.swift; sourceTree = "<group>"; };
		CAFEEA062AC41F67001754A5 /* AnalyticsService.swift */ = {isa = PBXFileReference; lastKnownFileType = sourcecode.swift; path = AnalyticsService.swift; sourceTree = "<group>"; };
		CAFEEA4D2AC50A69001754A5 /* TrackerTests.xctest */ = {isa = PBXFileReference; explicitFileType = wrapper.cfbundle; includeInIndex = 0; path = TrackerTests.xctest; sourceTree = BUILT_PRODUCTS_DIR; };
		CAFEEA4F2AC50A69001754A5 /* TrackerTests.swift */ = {isa = PBXFileReference; lastKnownFileType = sourcecode.swift; path = TrackerTests.swift; sourceTree = "<group>"; };
		CAFEEA5D2AC51081001754A5 /* StatisticsPresenter.swift */ = {isa = PBXFileReference; lastKnownFileType = sourcecode.swift; path = StatisticsPresenter.swift; sourceTree = "<group>"; };
		CAFEEA5F2AC51152001754A5 /* StatisticsCell.swift */ = {isa = PBXFileReference; lastKnownFileType = sourcecode.swift; path = StatisticsCell.swift; sourceTree = "<group>"; };
		FF6CA2A3DF27EA10464A2941 /* Pods_Tracker.framework */ = {isa = PBXFileReference; explicitFileType = wrapper.framework; includeInIndex = 0; path = Pods_Tracker.framework; sourceTree = BUILT_PRODUCTS_DIR; };
/* End PBXFileReference section */

/* Begin PBXFrameworksBuildPhase section */
		CAC6C7B32A1F1AE700E9ACC3 /* Frameworks */ = {
			isa = PBXFrameworksBuildPhase;
			buildActionMask = 2147483647;
			files = (
				6A43DF319F0C33281767797D /* Pods_Tracker.framework in Frameworks */,
			);
			runOnlyForDeploymentPostprocessing = 0;
		};
		CAFEEA4A2AC50A69001754A5 /* Frameworks */ = {
			isa = PBXFrameworksBuildPhase;
			buildActionMask = 2147483647;
			files = (
				CAFEEA582AC50A92001754A5 /* InlineSnapshotTesting in Frameworks */,
				CAFEEA5A2AC50A92001754A5 /* SnapshotTesting in Frameworks */,
			);
			runOnlyForDeploymentPostprocessing = 0;
		};
/* End PBXFrameworksBuildPhase section */

/* Begin PBXGroup section */
		B0CCC6C6303DCE8B83C50FD3 /* Frameworks */ = {
			isa = PBXGroup;
			children = (
				FF6CA2A3DF27EA10464A2941 /* Pods_Tracker.framework */,
			);
			name = Frameworks;
			sourceTree = "<group>";
		};
		B7BA0E76854760624E099F17 /* Pods */ = {
			isa = PBXGroup;
			children = (
				1DAD3F3A4931EE3A7CD1D750 /* Pods-Tracker.debug.xcconfig */,
				CA6B210CC4F44D1449008DFF /* Pods-Tracker.release.xcconfig */,
			);
			path = Pods;
			sourceTree = "<group>";
		};
		CA154FF22AB918C000FB8C61 /* Resources */ = {
			isa = PBXGroup;
			children = (
				CA154FF12AB9183500FB8C61 /* Localizable.strings */,
				CA154FEE2AB9180200FB8C61 /* Localizable.stringsdict */,
			);
			path = Resources;
			sourceTree = "<group>";
		};
		CA278A902ACE1BF7001CB0D0 /* Filters */ = {
			isa = PBXGroup;
			children = (
				CA278A912ACE1BF7001CB0D0 /* FiltersViewController.swift */,
				CA278A922ACE1BF7001CB0D0 /* FiltersPresenter.swift */,
			);
			path = Filters;
			sourceTree = "<group>";
		};
		CA54B2E82A754E65000E849B /* CoreData */ = {
			isa = PBXGroup;
			children = (
				CA278A862AC76CBF001CB0D0 /* TrackerCategoryStore.swift */,
				CA278A872AC76CBF001CB0D0 /* TrackerRecordStore.swift */,
				CA278A852AC76CBF001CB0D0 /* TrackerStore.swift */,
				CA54B2EF2A754F15000E849B /* Model.xcdatamodeld */,
				CACDE4A82A817B67003021AE /* NSManagedObjectSubclass */,
			);
			path = CoreData;
			sourceTree = "<group>";
		};
		CA5C51AC2A698E170078C7E8 /* Cells */ = {
			isa = PBXGroup;
			children = (
				CABC08592A47428C008CC2E4 /* TrackerCollectionViewCell.swift */,
				CA5C51AA2A698DFA0078C7E8 /* TrackerCellViewModel.swift */,
			);
			path = Cells;
			sourceTree = "<group>";
		};
		CA6B25772A5DF61300388BBF /* Services */ = {
			isa = PBXGroup;
			children = (
				CA6B25782A5DF63E00388BBF /* TrackerService.swift */,
				CAFEEA062AC41F67001754A5 /* AnalyticsService.swift */,
			);
			path = Services;
			sourceTree = "<group>";
		};
		CA9838312A96E8DC0070B263 /* Onboarding */ = {
			isa = PBXGroup;
			children = (
				CA9838572A9823170070B263 /* OnboardingPage.swift */,
				CA9838322A96E9130070B263 /* OnboardingViewController.swift */,
			);
			path = Onboarding;
			sourceTree = "<group>";
		};
		CA9838592A9BCF890070B263 /* Category */ = {
			isa = PBXGroup;
			children = (
				CADB924C2AA7B09300CC6294 /* CategoriesList */,
				CADB924D2AA7B0B800CC6294 /* NewCategory */,
				CADB924A2AA5CAD500CC6294 /* ObservablePropertyWrapper.swift */,
			);
			path = Category;
			sourceTree = "<group>";
		};
		CAA8CC4E2A3CCB8D00AE4AD3 /* Extensions */ = {
			isa = PBXGroup;
			children = (
				CAA8CC4C2A3CCB4800AE4AD3 /* UIColor+Extension.swift */,
				CA6B256C2A5C547F00388BBF /* UIViewController+Extension.swift */,
				CA6C912B2A6353B400A4AE6D /* FormatterDays.swift */,
				CA54B2F52A78769F000E849B /* СolorMarshalling.swift */,
				CA54B2FD2A7F262A000E849B /* ScheduleFormatter.swift */,
				CA3A01992ABCEEA4001C09B8 /* String+Extension.swift */,
				CA3A019B2ABD0FF6001C09B8 /* Int+Extension.swift */,
			);
			path = Extensions;
			sourceTree = "<group>";
		};
		CAA8CC4F2A3CCC1000AE4AD3 /* App */ = {
			isa = PBXGroup;
			children = (
				CAC6C7B92A1F1AE700E9ACC3 /* AppDelegate.swift */,
				CAC6C7BB2A1F1AE700E9ACC3 /* SceneDelegate.swift */,
			);
			path = App;
			sourceTree = "<group>";
		};
		CAA8CC502A3CCD3300AE4AD3 /* Trackers */ = {
			isa = PBXGroup;
			children = (
				CAC6C7BD2A1F1AE700E9ACC3 /* TrackersViewController.swift */,
				CA6B256E2A5C76CC00388BBF /* TrackersPresenter.swift */,
				CA5C51AC2A698E170078C7E8 /* Cells */,
			);
			path = Trackers;
			sourceTree = "<group>";
		};
		CAA8CC512A3CCD5C00AE4AD3 /* ViewControllers */ = {
			isa = PBXGroup;
			children = (
				CAA8CC522A3CD28300AE4AD3 /* TabBarController.swift */,
				CA96CA1A2AC06705007BC31E /* AlertPresenter.swift */,
				CAA8CC502A3CCD3300AE4AD3 /* Trackers */,
				CA278A902ACE1BF7001CB0D0 /* Filters */,
				CAA8CC572A3D3A2600AE4AD3 /* Statistics */,
				CAA8CC542A3D379400AE4AD3 /* TrackerType */,
				CABC085B2A4C539B008CC2E4 /* NewHabit */,
				CAAB0CC92A4F9B8000EBC766 /* Timetable */,
				CA9838592A9BCF890070B263 /* Category */,
				CA9838312A96E8DC0070B263 /* Onboarding */,
			);
			path = ViewControllers;
			sourceTree = "<group>";
		};
		CAA8CC542A3D379400AE4AD3 /* TrackerType */ = {
			isa = PBXGroup;
			children = (
				CAA8CC552A3D38AF00AE4AD3 /* TrackerTypeViewController.swift */,
				CA6B25722A5C9DD900388BBF /* TrackerTypePresenter.swift */,
			);
			path = TrackerType;
			sourceTree = "<group>";
		};
		CAA8CC572A3D3A2600AE4AD3 /* Statistics */ = {
			isa = PBXGroup;
			children = (
				CAA8CC582A3D3A4F00AE4AD3 /* StatisticsViewController.swift */,
				CAFEEA5D2AC51081001754A5 /* StatisticsPresenter.swift */,
				CAFEEA5F2AC51152001754A5 /* StatisticsCell.swift */,
			);
			path = Statistics;
			sourceTree = "<group>";
		};
		CAAB0CC92A4F9B8000EBC766 /* Timetable */ = {
			isa = PBXGroup;
			children = (
				CAAB0CCA2A4F9B9D00EBC766 /* TimetableViewController.swift */,
				CA6C91292A633B6200A4AE6D /* TimetablePresenter.swift */,
			);
			path = Timetable;
			sourceTree = "<group>";
		};
		CAAB0CCE2A547AB200EBC766 /* Views */ = {
			isa = PBXGroup;
			children = (
				CA54B2B32A6D407D000E849B /* ResizableCollectionView.swift */,
				CAAB0CCF2A547ABE00EBC766 /* Cells */,
			);
			path = Views;
			sourceTree = "<group>";
		};
		CAAB0CCF2A547ABE00EBC766 /* Cells */ = {
			isa = PBXGroup;
			children = (
				CA96CA1E2AC2530E007BC31E /* DaysCounterCell.swift */,
				CAAB0CD12A547B3200EBC766 /* TextFieldCell.swift */,
				CAAB0CD32A54953F00EBC766 /* TableViewCell.swift */,
				CA54B2AA2A69DE3D000E849B /* CollectionCell.swift */,
				CA54B2AC2A69EA12000E849B /* EmojisCollectionViewCell.swift */,
				CA54B2AE2A6C9543000E849B /* ColorsCollectionViewCell.swift */,
				CA6C91272A632B1600A4AE6D /* SupplementaryView.swift */,
			);
			path = Cells;
			sourceTree = "<group>";
		};
		CABC085B2A4C539B008CC2E4 /* NewHabit */ = {
			isa = PBXGroup;
			children = (
				CABC085C2A4C53EC008CC2E4 /* NewTrackerViewController.swift */,
				CA6B25702A5C806500388BBF /* NewTrackerPresenter.swift */,
			);
			path = NewHabit;
			sourceTree = "<group>";
		};
		CABC08602A4C7363008CC2E4 /* Models */ = {
			isa = PBXGroup;
			children = (
				CABC08612A4C74BD008CC2E4 /* TrackerModel.swift */,
				CABC08632A4C7D2F008CC2E4 /* TrackerCategoryModel.swift */,
				CABC08652A4C7DE6008CC2E4 /* TrackerRecordModel.swift */,
				CA6B25742A5C9FCD00388BBF /* TrackerType.swift */,
				CA96CA1C2AC067AE007BC31E /* AlertModel.swift */,
			);
			path = Models;
			sourceTree = "<group>";
		};
		CAC6C7AD2A1F1AE700E9ACC3 = {
			isa = PBXGroup;
			children = (
				CAC6C7B82A1F1AE700E9ACC3 /* Tracker */,
				CAFEEA4E2AC50A69001754A5 /* TrackerTests */,
				CAC6C7B72A1F1AE700E9ACC3 /* Products */,
				B7BA0E76854760624E099F17 /* Pods */,
				B0CCC6C6303DCE8B83C50FD3 /* Frameworks */,
			);
			sourceTree = "<group>";
		};
		CAC6C7B72A1F1AE700E9ACC3 /* Products */ = {
			isa = PBXGroup;
			children = (
				CAC6C7B62A1F1AE700E9ACC3 /* Tracker.app */,
				CAFEEA4D2AC50A69001754A5 /* TrackerTests.xctest */,
			);
			name = Products;
			sourceTree = "<group>";
		};
		CAC6C7B82A1F1AE700E9ACC3 /* Tracker */ = {
			isa = PBXGroup;
			children = (
				CAA8CC4F2A3CCC1000AE4AD3 /* App */,
				CAA8CC4E2A3CCB8D00AE4AD3 /* Extensions */,
				CAA8CC512A3CCD5C00AE4AD3 /* ViewControllers */,
				CAAB0CCE2A547AB200EBC766 /* Views */,
				CABC08602A4C7363008CC2E4 /* Models */,
				CA6B25772A5DF61300388BBF /* Services */,
				CA154FF22AB918C000FB8C61 /* Resources */,
				CA54B2E82A754E65000E849B /* CoreData */,
				CAC6C7C72A1F1AE900E9ACC3 /* Info.plist */,
				CAC6C7C22A1F1AE900E9ACC3 /* Assets.xcassets */,
			);
			path = Tracker;
			sourceTree = "<group>";
		};
		CACDE4A82A817B67003021AE /* NSManagedObjectSubclass */ = {
			isa = PBXGroup;
			children = (
				CA278A7B2AC76BEA001CB0D0 /* TrackerCategoryCoreData+CoreDataClass.swift */,
				CA278A7D2AC76BEA001CB0D0 /* TrackerCategoryCoreData+CoreDataProperties.swift */,
				CA278A7E2AC76BEA001CB0D0 /* TrackerCoreData+CoreDataClass.swift */,
				CA278A792AC76BEA001CB0D0 /* TrackerCoreData+CoreDataProperties.swift */,
				CA278A7C2AC76BEA001CB0D0 /* TrackerRecordCoreData+CoreDataClass.swift */,
				CA278A7A2AC76BEA001CB0D0 /* TrackerRecordCoreData+CoreDataProperties.swift */,
			);
			path = NSManagedObjectSubclass;
			sourceTree = "<group>";
		};
		CADB924C2AA7B09300CC6294 /* CategoriesList */ = {
			isa = PBXGroup;
			children = (
				CA98385B2A9BD05B0070B263 /* CategoriesViewController.swift */,
				CADB92482AA4E32D00CC6294 /* CategoriesViewModel.swift */,
			);
			path = CategoriesList;
			sourceTree = "<group>";
		};
		CADB924D2AA7B0B800CC6294 /* NewCategory */ = {
			isa = PBXGroup;
			children = (
				CADB924E2AA7B19700CC6294 /* NewCategoryViewController.swift */,
				CAAA316F2AA9DB2E00ABF38F /* NewCategoryViewModel.swift */,
			);
			path = NewCategory;
			sourceTree = "<group>";
		};
		CAFEEA4E2AC50A69001754A5 /* TrackerTests */ = {
			isa = PBXGroup;
			children = (
				CAFEEA4F2AC50A69001754A5 /* TrackerTests.swift */,
			);
			path = TrackerTests;
			sourceTree = "<group>";
		};
/* End PBXGroup section */

/* Begin PBXNativeTarget section */
		CAC6C7B52A1F1AE700E9ACC3 /* Tracker */ = {
			isa = PBXNativeTarget;
			buildConfigurationList = CAC6C7CA2A1F1AE900E9ACC3 /* Build configuration list for PBXNativeTarget "Tracker" */;
			buildPhases = (
				C4BB6900D95485A5EFC6242D /* [CP] Check Pods Manifest.lock */,
				CAC6C7B22A1F1AE700E9ACC3 /* Sources */,
				CAC6C7B32A1F1AE700E9ACC3 /* Frameworks */,
				CAC6C7B42A1F1AE700E9ACC3 /* Resources */,
			);
			buildRules = (
			);
			dependencies = (
			);
			name = Tracker;
			productName = Tracker;
			productReference = CAC6C7B62A1F1AE700E9ACC3 /* Tracker.app */;
			productType = "com.apple.product-type.application";
		};
		CAFEEA4C2AC50A69001754A5 /* TrackerTests */ = {
			isa = PBXNativeTarget;
			buildConfigurationList = CAFEEA552AC50A69001754A5 /* Build configuration list for PBXNativeTarget "TrackerTests" */;
			buildPhases = (
				CAFEEA492AC50A69001754A5 /* Sources */,
				CAFEEA4A2AC50A69001754A5 /* Frameworks */,
				CAFEEA4B2AC50A69001754A5 /* Resources */,
			);
			buildRules = (
			);
			dependencies = (
				CAFEEA522AC50A69001754A5 /* PBXTargetDependency */,
			);
			name = TrackerTests;
			packageProductDependencies = (
				CAFEEA572AC50A92001754A5 /* InlineSnapshotTesting */,
				CAFEEA592AC50A92001754A5 /* SnapshotTesting */,
			);
			productName = TrackerTests;
			productReference = CAFEEA4D2AC50A69001754A5 /* TrackerTests.xctest */;
			productType = "com.apple.product-type.bundle.unit-test";
		};
/* End PBXNativeTarget section */

/* Begin PBXProject section */
		CAC6C7AE2A1F1AE700E9ACC3 /* Project object */ = {
			isa = PBXProject;
			attributes = {
				BuildIndependentTargetsInParallel = 1;
				LastSwiftUpdateCheck = 1500;
				LastUpgradeCheck = 1430;
				TargetAttributes = {
					CAC6C7B52A1F1AE700E9ACC3 = {
						CreatedOnToolsVersion = 14.3;
					};
					CAFEEA4C2AC50A69001754A5 = {
						CreatedOnToolsVersion = 15.0;
						TestTargetID = CAC6C7B52A1F1AE700E9ACC3;
					};
				};
			};
			buildConfigurationList = CAC6C7B12A1F1AE700E9ACC3 /* Build configuration list for PBXProject "Tracker" */;
			compatibilityVersion = "Xcode 14.0";
			developmentRegion = ru;
			hasScannedForEncodings = 0;
			knownRegions = (
				Base,
				ru,
				en,
			);
			mainGroup = CAC6C7AD2A1F1AE700E9ACC3;
			packageReferences = (
				CAFEEA562AC50A92001754A5 /* XCRemoteSwiftPackageReference "swift-snapshot-testing" */,
			);
			productRefGroup = CAC6C7B72A1F1AE700E9ACC3 /* Products */;
			projectDirPath = "";
			projectRoot = "";
			targets = (
				CAC6C7B52A1F1AE700E9ACC3 /* Tracker */,
				CAFEEA4C2AC50A69001754A5 /* TrackerTests */,
			);
		};
/* End PBXProject section */

/* Begin PBXResourcesBuildPhase section */
		CAC6C7B42A1F1AE700E9ACC3 /* Resources */ = {
			isa = PBXResourcesBuildPhase;
			buildActionMask = 2147483647;
			files = (
				CAC6C7C32A1F1AE900E9ACC3 /* Assets.xcassets in Resources */,
				CA154FEF2AB9183500FB8C61 /* Localizable.strings in Resources */,
				CA154FEC2AB9180200FB8C61 /* Localizable.stringsdict in Resources */,
			);
			runOnlyForDeploymentPostprocessing = 0;
		};
		CAFEEA4B2AC50A69001754A5 /* Resources */ = {
			isa = PBXResourcesBuildPhase;
			buildActionMask = 2147483647;
			files = (
			);
			runOnlyForDeploymentPostprocessing = 0;
		};
/* End PBXResourcesBuildPhase section */

/* Begin PBXShellScriptBuildPhase section */
		C4BB6900D95485A5EFC6242D /* [CP] Check Pods Manifest.lock */ = {
			isa = PBXShellScriptBuildPhase;
			buildActionMask = 2147483647;
			files = (
			);
			inputFileListPaths = (
			);
			inputPaths = (
				"${PODS_PODFILE_DIR_PATH}/Podfile.lock",
				"${PODS_ROOT}/Manifest.lock",
			);
			name = "[CP] Check Pods Manifest.lock";
			outputFileListPaths = (
			);
			outputPaths = (
				"$(DERIVED_FILE_DIR)/Pods-Tracker-checkManifestLockResult.txt",
			);
			runOnlyForDeploymentPostprocessing = 0;
			shellPath = /bin/sh;
			shellScript = "diff \"${PODS_PODFILE_DIR_PATH}/Podfile.lock\" \"${PODS_ROOT}/Manifest.lock\" > /dev/null\nif [ $? != 0 ] ; then\n    # print error to STDERR\n    echo \"error: The sandbox is not in sync with the Podfile.lock. Run 'pod install' or update your CocoaPods installation.\" >&2\n    exit 1\nfi\n# This output is used by Xcode 'outputs' to avoid re-running this script phase.\necho \"SUCCESS\" > \"${SCRIPT_OUTPUT_FILE_0}\"\n";
			showEnvVarsInLog = 0;
		};
/* End PBXShellScriptBuildPhase section */

/* Begin PBXSourcesBuildPhase section */
		CAC6C7B22A1F1AE700E9ACC3 /* Sources */ = {
			isa = PBXSourcesBuildPhase;
			buildActionMask = 2147483647;
			files = (
				CAAB0CD42A54953F00EBC766 /* TableViewCell.swift in Sources */,
				CA278A8A2AC76CBF001CB0D0 /* TrackerRecordStore.swift in Sources */,
				CAA8CC592A3D3A4F00AE4AD3 /* StatisticsViewController.swift in Sources */,
				CA6B25712A5C806500388BBF /* NewTrackerPresenter.swift in Sources */,
				CAC6C7BE2A1F1AE700E9ACC3 /* TrackersViewController.swift in Sources */,
				CAC6C7BA2A1F1AE700E9ACC3 /* AppDelegate.swift in Sources */,
				CADB92492AA4E32D00CC6294 /* CategoriesViewModel.swift in Sources */,
				CA278A932ACE1BF7001CB0D0 /* FiltersViewController.swift in Sources */,
				CA6B256D2A5C547F00388BBF /* UIViewController+Extension.swift in Sources */,
				CAFEEA602AC51152001754A5 /* StatisticsCell.swift in Sources */,
				CADB924F2AA7B19700CC6294 /* NewCategoryViewController.swift in Sources */,
				CA278A842AC76BEA001CB0D0 /* TrackerCoreData+CoreDataClass.swift in Sources */,
				CA96CA1B2AC06705007BC31E /* AlertPresenter.swift in Sources */,
				CA54B2AF2A6C9543000E849B /* ColorsCollectionViewCell.swift in Sources */,
				CA278A942ACE1BF7001CB0D0 /* FiltersPresenter.swift in Sources */,
				CA6B256F2A5C76CC00388BBF /* TrackersPresenter.swift in Sources */,
				CA278A802AC76BEA001CB0D0 /* TrackerRecordCoreData+CoreDataProperties.swift in Sources */,
				CAC6C7BC2A1F1AE700E9ACC3 /* SceneDelegate.swift in Sources */,
				CAFEEA5E2AC51081001754A5 /* StatisticsPresenter.swift in Sources */,
				CA6C912C2A6353B400A4AE6D /* FormatterDays.swift in Sources */,
				CA96CA1F2AC2530E007BC31E /* DaysCounterCell.swift in Sources */,
				CA9838582A9823170070B263 /* OnboardingPage.swift in Sources */,
				CAFEEA072AC41F67001754A5 /* AnalyticsService.swift in Sources */,
				CA278A892AC76CBF001CB0D0 /* TrackerCategoryStore.swift in Sources */,
				CABC08662A4C7DE6008CC2E4 /* TrackerRecordModel.swift in Sources */,
				CAAB0CD22A547B3200EBC766 /* TextFieldCell.swift in Sources */,
				CA278A7F2AC76BEA001CB0D0 /* TrackerCoreData+CoreDataProperties.swift in Sources */,
				CA98385C2A9BD05B0070B263 /* CategoriesViewController.swift in Sources */,
				CA54B2AD2A69EA12000E849B /* EmojisCollectionViewCell.swift in Sources */,
				CA6B25752A5C9FCD00388BBF /* TrackerType.swift in Sources */,
				CAAA31702AA9DB2E00ABF38F /* NewCategoryViewModel.swift in Sources */,
				CA6C91282A632B1600A4AE6D /* SupplementaryView.swift in Sources */,
				CA6B25732A5C9DD900388BBF /* TrackerTypePresenter.swift in Sources */,
				CA3A019A2ABCEEA4001C09B8 /* String+Extension.swift in Sources */,
				CADB924B2AA5CAD500CC6294 /* ObservablePropertyWrapper.swift in Sources */,
				CAA8CC532A3CD28300AE4AD3 /* TabBarController.swift in Sources */,
				CA9838332A96E9130070B263 /* OnboardingViewController.swift in Sources */,
				CA54B2F62A78769F000E849B /* СolorMarshalling.swift in Sources */,
				CABC085A2A47428C008CC2E4 /* TrackerCollectionViewCell.swift in Sources */,
				CA3A019C2ABD0FF6001C09B8 /* Int+Extension.swift in Sources */,
				CA54B2FE2A7F262A000E849B /* ScheduleFormatter.swift in Sources */,
				CA54B2F12A754F15000E849B /* Model.xcdatamodeld in Sources */,
				CAAB0CCB2A4F9B9D00EBC766 /* TimetableViewController.swift in Sources */,
				CA278A882AC76CBF001CB0D0 /* TrackerStore.swift in Sources */,
				CA96CA1D2AC067AE007BC31E /* AlertModel.swift in Sources */,
				CAA8CC4D2A3CCB4800AE4AD3 /* UIColor+Extension.swift in Sources */,
				CA6C912A2A633B6200A4AE6D /* TimetablePresenter.swift in Sources */,
				CA278A832AC76BEA001CB0D0 /* TrackerCategoryCoreData+CoreDataProperties.swift in Sources */,
				CA5C51AB2A698DFA0078C7E8 /* TrackerCellViewModel.swift in Sources */,
				CABC08642A4C7D2F008CC2E4 /* TrackerCategoryModel.swift in Sources */,
				CABC08622A4C74BD008CC2E4 /* TrackerModel.swift in Sources */,
				CAA8CC562A3D38AF00AE4AD3 /* TrackerTypeViewController.swift in Sources */,
				CA54B2B42A6D407D000E849B /* ResizableCollectionView.swift in Sources */,
				CA278A822AC76BEA001CB0D0 /* TrackerRecordCoreData+CoreDataClass.swift in Sources */,
				CA6B25792A5DF63E00388BBF /* TrackerService.swift in Sources */,
				CA54B2AB2A69DE3D000E849B /* CollectionCell.swift in Sources */,
				CABC085D2A4C53EC008CC2E4 /* NewTrackerViewController.swift in Sources */,
				CA278A812AC76BEA001CB0D0 /* TrackerCategoryCoreData+CoreDataClass.swift in Sources */,
			);
			runOnlyForDeploymentPostprocessing = 0;
		};
		CAFEEA492AC50A69001754A5 /* Sources */ = {
			isa = PBXSourcesBuildPhase;
			buildActionMask = 2147483647;
			files = (
				CAFEEA502AC50A69001754A5 /* TrackerTests.swift in Sources */,
			);
			runOnlyForDeploymentPostprocessing = 0;
		};
/* End PBXSourcesBuildPhase section */

/* Begin PBXTargetDependency section */
		CAFEEA522AC50A69001754A5 /* PBXTargetDependency */ = {
			isa = PBXTargetDependency;
			target = CAC6C7B52A1F1AE700E9ACC3 /* Tracker */;
			targetProxy = CAFEEA512AC50A69001754A5 /* PBXContainerItemProxy */;
		};
/* End PBXTargetDependency section */

/* Begin PBXVariantGroup section */
		CA154FEE2AB9180200FB8C61 /* Localizable.stringsdict */ = {
			isa = PBXVariantGroup;
			children = (
				CA154FF42AB9195400FB8C61 /* ru */,
				CA3A019E2ABE6CC6001C09B8 /* en */,
			);
			name = Localizable.stringsdict;
			sourceTree = "<group>";
		};
		CA154FF12AB9183500FB8C61 /* Localizable.strings */ = {
			isa = PBXVariantGroup;
			children = (
				CA154FF32AB9195400FB8C61 /* ru */,
				CA3A019D2ABE6CC6001C09B8 /* en */,
			);
			name = Localizable.strings;
			sourceTree = "<group>";
		};
/* End PBXVariantGroup section */

/* Begin XCBuildConfiguration section */
		CAC6C7C82A1F1AE900E9ACC3 /* Debug */ = {
			isa = XCBuildConfiguration;
			buildSettings = {
				ALWAYS_SEARCH_USER_PATHS = NO;
				CLANG_ANALYZER_LOCALIZABILITY_NONLOCALIZED = YES;
				CLANG_ANALYZER_NONNULL = YES;
				CLANG_ANALYZER_NUMBER_OBJECT_CONVERSION = YES_AGGRESSIVE;
				CLANG_CXX_LANGUAGE_STANDARD = "gnu++20";
				CLANG_ENABLE_MODULES = YES;
				CLANG_ENABLE_OBJC_ARC = YES;
				CLANG_ENABLE_OBJC_WEAK = YES;
				CLANG_WARN_BLOCK_CAPTURE_AUTORELEASING = YES;
				CLANG_WARN_BOOL_CONVERSION = YES;
				CLANG_WARN_COMMA = YES;
				CLANG_WARN_CONSTANT_CONVERSION = YES;
				CLANG_WARN_DEPRECATED_OBJC_IMPLEMENTATIONS = YES;
				CLANG_WARN_DIRECT_OBJC_ISA_USAGE = YES_ERROR;
				CLANG_WARN_DOCUMENTATION_COMMENTS = YES;
				CLANG_WARN_EMPTY_BODY = YES;
				CLANG_WARN_ENUM_CONVERSION = YES;
				CLANG_WARN_INFINITE_RECURSION = YES;
				CLANG_WARN_INT_CONVERSION = YES;
				CLANG_WARN_NON_LITERAL_NULL_CONVERSION = YES;
				CLANG_WARN_OBJC_IMPLICIT_RETAIN_SELF = YES;
				CLANG_WARN_OBJC_LITERAL_CONVERSION = YES;
				CLANG_WARN_OBJC_ROOT_CLASS = YES_ERROR;
				CLANG_WARN_QUOTED_INCLUDE_IN_FRAMEWORK_HEADER = YES;
				CLANG_WARN_RANGE_LOOP_ANALYSIS = YES;
				CLANG_WARN_STRICT_PROTOTYPES = YES;
				CLANG_WARN_SUSPICIOUS_MOVE = YES;
				CLANG_WARN_UNGUARDED_AVAILABILITY = YES_AGGRESSIVE;
				CLANG_WARN_UNREACHABLE_CODE = YES;
				CLANG_WARN__DUPLICATE_METHOD_MATCH = YES;
				COPY_PHASE_STRIP = NO;
				DEBUG_INFORMATION_FORMAT = dwarf;
				ENABLE_STRICT_OBJC_MSGSEND = YES;
				ENABLE_TESTABILITY = YES;
				GCC_C_LANGUAGE_STANDARD = gnu11;
				GCC_DYNAMIC_NO_PIC = NO;
				GCC_NO_COMMON_BLOCKS = YES;
				GCC_OPTIMIZATION_LEVEL = 0;
				GCC_PREPROCESSOR_DEFINITIONS = (
					"DEBUG=1",
					"$(inherited)",
				);
				GCC_WARN_64_TO_32_BIT_CONVERSION = YES;
				GCC_WARN_ABOUT_RETURN_TYPE = YES_ERROR;
				GCC_WARN_UNDECLARED_SELECTOR = YES;
				GCC_WARN_UNINITIALIZED_AUTOS = YES_AGGRESSIVE;
				GCC_WARN_UNUSED_FUNCTION = YES;
				GCC_WARN_UNUSED_VARIABLE = YES;
				IPHONEOS_DEPLOYMENT_TARGET = 16.4;
				MTL_ENABLE_DEBUG_INFO = INCLUDE_SOURCE;
				MTL_FAST_MATH = YES;
				ONLY_ACTIVE_ARCH = YES;
				SDKROOT = iphoneos;
				SWIFT_ACTIVE_COMPILATION_CONDITIONS = DEBUG;
				SWIFT_OPTIMIZATION_LEVEL = "-Onone";
			};
			name = Debug;
		};
		CAC6C7C92A1F1AE900E9ACC3 /* Release */ = {
			isa = XCBuildConfiguration;
			buildSettings = {
				ALWAYS_SEARCH_USER_PATHS = NO;
				CLANG_ANALYZER_LOCALIZABILITY_NONLOCALIZED = YES;
				CLANG_ANALYZER_NONNULL = YES;
				CLANG_ANALYZER_NUMBER_OBJECT_CONVERSION = YES_AGGRESSIVE;
				CLANG_CXX_LANGUAGE_STANDARD = "gnu++20";
				CLANG_ENABLE_MODULES = YES;
				CLANG_ENABLE_OBJC_ARC = YES;
				CLANG_ENABLE_OBJC_WEAK = YES;
				CLANG_WARN_BLOCK_CAPTURE_AUTORELEASING = YES;
				CLANG_WARN_BOOL_CONVERSION = YES;
				CLANG_WARN_COMMA = YES;
				CLANG_WARN_CONSTANT_CONVERSION = YES;
				CLANG_WARN_DEPRECATED_OBJC_IMPLEMENTATIONS = YES;
				CLANG_WARN_DIRECT_OBJC_ISA_USAGE = YES_ERROR;
				CLANG_WARN_DOCUMENTATION_COMMENTS = YES;
				CLANG_WARN_EMPTY_BODY = YES;
				CLANG_WARN_ENUM_CONVERSION = YES;
				CLANG_WARN_INFINITE_RECURSION = YES;
				CLANG_WARN_INT_CONVERSION = YES;
				CLANG_WARN_NON_LITERAL_NULL_CONVERSION = YES;
				CLANG_WARN_OBJC_IMPLICIT_RETAIN_SELF = YES;
				CLANG_WARN_OBJC_LITERAL_CONVERSION = YES;
				CLANG_WARN_OBJC_ROOT_CLASS = YES_ERROR;
				CLANG_WARN_QUOTED_INCLUDE_IN_FRAMEWORK_HEADER = YES;
				CLANG_WARN_RANGE_LOOP_ANALYSIS = YES;
				CLANG_WARN_STRICT_PROTOTYPES = YES;
				CLANG_WARN_SUSPICIOUS_MOVE = YES;
				CLANG_WARN_UNGUARDED_AVAILABILITY = YES_AGGRESSIVE;
				CLANG_WARN_UNREACHABLE_CODE = YES;
				CLANG_WARN__DUPLICATE_METHOD_MATCH = YES;
				COPY_PHASE_STRIP = NO;
				DEBUG_INFORMATION_FORMAT = "dwarf-with-dsym";
				ENABLE_NS_ASSERTIONS = NO;
				ENABLE_STRICT_OBJC_MSGSEND = YES;
				GCC_C_LANGUAGE_STANDARD = gnu11;
				GCC_NO_COMMON_BLOCKS = YES;
				GCC_WARN_64_TO_32_BIT_CONVERSION = YES;
				GCC_WARN_ABOUT_RETURN_TYPE = YES_ERROR;
				GCC_WARN_UNDECLARED_SELECTOR = YES;
				GCC_WARN_UNINITIALIZED_AUTOS = YES_AGGRESSIVE;
				GCC_WARN_UNUSED_FUNCTION = YES;
				GCC_WARN_UNUSED_VARIABLE = YES;
				IPHONEOS_DEPLOYMENT_TARGET = 16.4;
				MTL_ENABLE_DEBUG_INFO = NO;
				MTL_FAST_MATH = YES;
				SDKROOT = iphoneos;
				SWIFT_COMPILATION_MODE = wholemodule;
				SWIFT_OPTIMIZATION_LEVEL = "-O";
				VALIDATE_PRODUCT = YES;
			};
			name = Release;
		};
		CAC6C7CB2A1F1AE900E9ACC3 /* Debug */ = {
			isa = XCBuildConfiguration;
			baseConfigurationReference = 1DAD3F3A4931EE3A7CD1D750 /* Pods-Tracker.debug.xcconfig */;
			buildSettings = {
				ASSETCATALOG_COMPILER_APPICON_NAME = AppIcon;
				ASSETCATALOG_COMPILER_GLOBAL_ACCENT_COLOR_NAME = AccentColor;
				CODE_SIGN_STYLE = Automatic;
				CURRENT_PROJECT_VERSION = 1;
				DEVELOPMENT_TEAM = C6CA7MRB89;
				GENERATE_INFOPLIST_FILE = YES;
				INFOPLIST_FILE = Tracker/Info.plist;
				INFOPLIST_KEY_UIApplicationSupportsIndirectInputEvents = YES;
				INFOPLIST_KEY_UISupportedInterfaceOrientations_iPad = UIInterfaceOrientationPortrait;
				INFOPLIST_KEY_UISupportedInterfaceOrientations_iPhone = "UIInterfaceOrientationPortrait UIInterfaceOrientationLandscapeLeft UIInterfaceOrientationLandscapeRight";
				IPHONEOS_DEPLOYMENT_TARGET = 13.4;
				LD_RUNPATH_SEARCH_PATHS = (
					"$(inherited)",
					"@executable_path/Frameworks",
				);
				MARKETING_VERSION = 1.0;
				PRODUCT_BUNDLE_IDENTIFIER = com.boyegorka;
				PRODUCT_NAME = "$(TARGET_NAME)";
				SUPPORTED_PLATFORMS = "iphoneos iphonesimulator";
				SUPPORTS_MACCATALYST = NO;
				SUPPORTS_MAC_DESIGNED_FOR_IPHONE_IPAD = YES;
				SWIFT_EMIT_LOC_STRINGS = YES;
				SWIFT_VERSION = 5.0;
				TARGETED_DEVICE_FAMILY = 1;
			};
			name = Debug;
		};
		CAC6C7CC2A1F1AE900E9ACC3 /* Release */ = {
			isa = XCBuildConfiguration;
			baseConfigurationReference = CA6B210CC4F44D1449008DFF /* Pods-Tracker.release.xcconfig */;
			buildSettings = {
				ASSETCATALOG_COMPILER_APPICON_NAME = AppIcon;
				ASSETCATALOG_COMPILER_GLOBAL_ACCENT_COLOR_NAME = AccentColor;
				CODE_SIGN_STYLE = Automatic;
				CURRENT_PROJECT_VERSION = 1;
				DEVELOPMENT_TEAM = C6CA7MRB89;
				GENERATE_INFOPLIST_FILE = YES;
				INFOPLIST_FILE = Tracker/Info.plist;
				INFOPLIST_KEY_UIApplicationSupportsIndirectInputEvents = YES;
				INFOPLIST_KEY_UISupportedInterfaceOrientations_iPad = UIInterfaceOrientationPortrait;
				INFOPLIST_KEY_UISupportedInterfaceOrientations_iPhone = "UIInterfaceOrientationPortrait UIInterfaceOrientationLandscapeLeft UIInterfaceOrientationLandscapeRight";
				IPHONEOS_DEPLOYMENT_TARGET = 13.4;
				LD_RUNPATH_SEARCH_PATHS = (
					"$(inherited)",
					"@executable_path/Frameworks",
				);
				MARKETING_VERSION = 1.0;
				PRODUCT_BUNDLE_IDENTIFIER = com.boyegorka;
				PRODUCT_NAME = "$(TARGET_NAME)";
				SUPPORTED_PLATFORMS = "iphoneos iphonesimulator";
				SUPPORTS_MACCATALYST = NO;
				SUPPORTS_MAC_DESIGNED_FOR_IPHONE_IPAD = YES;
				SWIFT_EMIT_LOC_STRINGS = YES;
				SWIFT_VERSION = 5.0;
				TARGETED_DEVICE_FAMILY = 1;
			};
			name = Release;
		};
		CAFEEA532AC50A69001754A5 /* Debug */ = {
			isa = XCBuildConfiguration;
			buildSettings = {
				ASSETCATALOG_COMPILER_GENERATE_SWIFT_ASSET_SYMBOL_EXTENSIONS = YES;
				BUNDLE_LOADER = "$(TEST_HOST)";
				CODE_SIGN_STYLE = Automatic;
				CURRENT_PROJECT_VERSION = 1;
				DEVELOPMENT_TEAM = C6CA7MRB89;
				ENABLE_USER_SCRIPT_SANDBOXING = YES;
				GCC_C_LANGUAGE_STANDARD = gnu17;
				GENERATE_INFOPLIST_FILE = YES;
				IPHONEOS_DEPLOYMENT_TARGET = 13.4;
				LOCALIZATION_PREFERS_STRING_CATALOGS = YES;
				MARKETING_VERSION = 1.0;
				PRODUCT_BUNDLE_IDENTIFIER = com.boyegorka.TrackerTests;
				PRODUCT_NAME = "$(TARGET_NAME)";
				SWIFT_ACTIVE_COMPILATION_CONDITIONS = "DEBUG $(inherited)";
				SWIFT_EMIT_LOC_STRINGS = NO;
				SWIFT_VERSION = 5.0;
				TARGETED_DEVICE_FAMILY = "1,2";
				TEST_HOST = "$(BUILT_PRODUCTS_DIR)/Tracker.app/$(BUNDLE_EXECUTABLE_FOLDER_PATH)/Tracker";
			};
			name = Debug;
		};
		CAFEEA542AC50A69001754A5 /* Release */ = {
			isa = XCBuildConfiguration;
			buildSettings = {
				ASSETCATALOG_COMPILER_GENERATE_SWIFT_ASSET_SYMBOL_EXTENSIONS = YES;
				BUNDLE_LOADER = "$(TEST_HOST)";
				CODE_SIGN_STYLE = Automatic;
				CURRENT_PROJECT_VERSION = 1;
				DEVELOPMENT_TEAM = C6CA7MRB89;
				ENABLE_USER_SCRIPT_SANDBOXING = YES;
				GCC_C_LANGUAGE_STANDARD = gnu17;
				GENERATE_INFOPLIST_FILE = YES;
				IPHONEOS_DEPLOYMENT_TARGET = 13.4;
				LOCALIZATION_PREFERS_STRING_CATALOGS = YES;
				MARKETING_VERSION = 1.0;
				PRODUCT_BUNDLE_IDENTIFIER = com.boyegorka.TrackerTests;
				PRODUCT_NAME = "$(TARGET_NAME)";
				SWIFT_EMIT_LOC_STRINGS = NO;
				SWIFT_VERSION = 5.0;
				TARGETED_DEVICE_FAMILY = "1,2";
				TEST_HOST = "$(BUILT_PRODUCTS_DIR)/Tracker.app/$(BUNDLE_EXECUTABLE_FOLDER_PATH)/Tracker";
			};
			name = Release;
		};
/* End XCBuildConfiguration section */

/* Begin XCConfigurationList section */
		CAC6C7B12A1F1AE700E9ACC3 /* Build configuration list for PBXProject "Tracker" */ = {
			isa = XCConfigurationList;
			buildConfigurations = (
				CAC6C7C82A1F1AE900E9ACC3 /* Debug */,
				CAC6C7C92A1F1AE900E9ACC3 /* Release */,
			);
			defaultConfigurationIsVisible = 0;
			defaultConfigurationName = Release;
		};
		CAC6C7CA2A1F1AE900E9ACC3 /* Build configuration list for PBXNativeTarget "Tracker" */ = {
			isa = XCConfigurationList;
			buildConfigurations = (
				CAC6C7CB2A1F1AE900E9ACC3 /* Debug */,
				CAC6C7CC2A1F1AE900E9ACC3 /* Release */,
			);
			defaultConfigurationIsVisible = 0;
			defaultConfigurationName = Release;
		};
		CAFEEA552AC50A69001754A5 /* Build configuration list for PBXNativeTarget "TrackerTests" */ = {
			isa = XCConfigurationList;
			buildConfigurations = (
				CAFEEA532AC50A69001754A5 /* Debug */,
				CAFEEA542AC50A69001754A5 /* Release */,
			);
			defaultConfigurationIsVisible = 0;
			defaultConfigurationName = Release;
		};
/* End XCConfigurationList section */

/* Begin XCRemoteSwiftPackageReference section */
		CAFEEA562AC50A92001754A5 /* XCRemoteSwiftPackageReference "swift-snapshot-testing" */ = {
			isa = XCRemoteSwiftPackageReference;
			repositoryURL = "https://github.com/pointfreeco/swift-snapshot-testing";
			requirement = {
				kind = upToNextMajorVersion;
				minimumVersion = 1.13.0;
			};
		};
/* End XCRemoteSwiftPackageReference section */

/* Begin XCSwiftPackageProductDependency section */
		CAFEEA572AC50A92001754A5 /* InlineSnapshotTesting */ = {
			isa = XCSwiftPackageProductDependency;
			package = CAFEEA562AC50A92001754A5 /* XCRemoteSwiftPackageReference "swift-snapshot-testing" */;
			productName = InlineSnapshotTesting;
		};
		CAFEEA592AC50A92001754A5 /* SnapshotTesting */ = {
			isa = XCSwiftPackageProductDependency;
			package = CAFEEA562AC50A92001754A5 /* XCRemoteSwiftPackageReference "swift-snapshot-testing" */;
			productName = SnapshotTesting;
		};
/* End XCSwiftPackageProductDependency section */

/* Begin XCVersionGroup section */
		CA54B2EF2A754F15000E849B /* Model.xcdatamodeld */ = {
			isa = XCVersionGroup;
			children = (
				CA54B2F02A754F15000E849B /* Model.xcdatamodel */,
			);
			currentVersion = CA54B2F02A754F15000E849B /* Model.xcdatamodel */;
			path = Model.xcdatamodeld;
			sourceTree = "<group>";
			versionGroupType = wrapper.xcdatamodel;
		};
/* End XCVersionGroup section */
	};
	rootObject = CAC6C7AE2A1F1AE700E9ACC3 /* Project object */;
}
